
Microsoft Visual Studio Solution File, Format Version 12.00
# Visual Studio 15
VisualStudioVersion = 15.0.28010.2016
MinimumVisualStudioVersion = 10.0.40219.1
Project("{FAE04EC0-301F-11D3-BF4B-00C04F79EFBC}") = "myMusicTwo", "myMusicTwo\myMusicTwo.csproj", "{38490D71-1605-4230-B342-A6910850E913}"
EndProject
Global
	GlobalSection(SolutionConfigurationPlatforms) = preSolution
		Debug|Any CPU = Debug|Any CPU
		Release|Any CPU = Release|Any CPU
	EndGlobalSection
	GlobalSection(ProjectConfigurationPlatforms) = postSolution
		{38490D71-1605-4230-B342-A6910850E913}.Debug|Any CPU.ActiveCfg = Debug|Any CPU
		{38490D71-1605-4230-B342-A6910850E913}.Debug|Any CPU.Build.0 = Debug|Any CPU
		{38490D71-1605-4230-B342-A6910850E913}.Release|Any CPU.ActiveCfg = Release|Any CPU
		{38490D71-1605-4230-B342-A6910850E913}.Release|Any CPU.Build.0 = Release|Any CPU
	EndGlobalSection
	GlobalSection(SolutionProperties) = preSolution
		HideSolutionNode = FALSE
	EndGlobalSection
	GlobalSection(ExtensibilityGlobals) = postSolution
		SolutionGuid = {3038D7E2-CE59-4517-BF74-4EF4F29451EF}
	EndGlobalSection
EndGlobal
